// !$*UTF8*$!
{
	archiveVersion = 1;
	classes = {
	};
	objectVersion = 46;
	objects = {

/* Begin PBXBuildFile section */
		BA2446531A5399F200CFECBC /* Snappy.framework in Frameworks */ = {isa = PBXBuildFile; fileRef = BA2446501A5399DB00CFECBC /* Snappy.framework */; };
		BA2446541A5399F200CFECBC /* Snappy.framework in Copy Files (1 item) */ = {isa = PBXBuildFile; fileRef = BA2446501A5399DB00CFECBC /* Snappy.framework */; settings = {ATTRIBUTES = (CodeSignOnCopy, RemoveHeadersOnCopy, ); }; };
		BA29BE1F1A44E02A003B55D9 /* AppDelegate.swift in Sources */ = {isa = PBXBuildFile; fileRef = BA29BE1E1A44E02A003B55D9 /* AppDelegate.swift */; };
		BA29BE211A44E02A003B55D9 /* ItemController.swift in Sources */ = {isa = PBXBuildFile; fileRef = BA29BE201A44E02A003B55D9 /* ItemController.swift */; };
		BA29BE261A44E02A003B55D9 /* Images.xcassets in Resources */ = {isa = PBXBuildFile; fileRef = BA29BE251A44E02A003B55D9 /* Images.xcassets */; };
		BA29BE291A44E02A003B55D9 /* LaunchScreen.xib in Resources */ = {isa = PBXBuildFile; fileRef = BA29BE271A44E02A003B55D9 /* LaunchScreen.xib */; };
		BA29BE351A44E02A003B55D9 /* HaggleTests.swift in Sources */ = {isa = PBXBuildFile; fileRef = BA29BE341A44E02A003B55D9 /* HaggleTests.swift */; };
		BA2AE3D81A462EB400E2A05D /* Alamofire.framework in Copy Files (1 item) */ = {isa = PBXBuildFile; fileRef = BAB60FA21A46144F00786F74 /* Alamofire.framework */; settings = {ATTRIBUTES = (CodeSignOnCopy, RemoveHeadersOnCopy, ); }; };
		BA2AE3D91A462EB700E2A05D /* Dollar.framework in Copy Files (1 item) */ = {isa = PBXBuildFile; fileRef = BAB60FB41A46147400786F74 /* Dollar.framework */; settings = {ATTRIBUTES = (CodeSignOnCopy, RemoveHeadersOnCopy, ); }; };
		BA2AE3DB1A4655F800E2A05D /* Alamofire.framework in Frameworks */ = {isa = PBXBuildFile; fileRef = BAB60FA21A46144F00786F74 /* Alamofire.framework */; };
		BA2AE3DD1A46739300E2A05D /* Item.swift in Sources */ = {isa = PBXBuildFile; fileRef = BA2AE3DC1A46739300E2A05D /* Item.swift */; };
		BA2AE3DE1A467CC400E2A05D /* Utils.swift in Sources */ = {isa = PBXBuildFile; fileRef = BABC2C7D1A451D7C00DE1BE2 /* Utils.swift */; };
		BA2AE3DF1A467CCA00E2A05D /* UIColorExtension.swift in Sources */ = {isa = PBXBuildFile; fileRef = BAB60F821A455A8900786F74 /* UIColorExtension.swift */; };
		BA2AE3E01A467CD000E2A05D /* Config.swift in Sources */ = {isa = PBXBuildFile; fileRef = BABC2C7F1A451D8600DE1BE2 /* Config.swift */; };
		BA2AE3E21A46995A00E2A05D /* UIColoredButton.swift in Sources */ = {isa = PBXBuildFile; fileRef = BA2AE3E11A46995A00E2A05D /* UIColoredButton.swift */; };
		BA2DB4BD1A51D4B40024F40E /* FeedController.swift in Sources */ = {isa = PBXBuildFile; fileRef = BA2DB4BC1A51D4B40024F40E /* FeedController.swift */; };
		BA2DB4C01A51D4C30024F40E /* InboxController.swift in Sources */ = {isa = PBXBuildFile; fileRef = BA2DB4BF1A51D4C30024F40E /* InboxController.swift */; };
		BA2DB4C21A526CFC0024F40E /* list-simple-7.png in Resources */ = {isa = PBXBuildFile; fileRef = BA2DB4C11A526CFC0024F40E /* list-simple-7.png */; };
		BA2DB4C41A526D3B0024F40E /* business-box-in-7.png in Resources */ = {isa = PBXBuildFile; fileRef = BA2DB4C31A526D3B0024F40E /* business-box-in-7.png */; };
		BA405E1A1A5644EF00027F32 /* PostDropDown.xib in Resources */ = {isa = PBXBuildFile; fileRef = BA405E191A5644EF00027F32 /* PostDropDown.xib */; };
		BA405E211A56450F00027F32 /* PostDropDown.swift in Sources */ = {isa = PBXBuildFile; fileRef = BA405E201A56450F00027F32 /* PostDropDown.swift */; };
		BA405E261A564F8400027F32 /* icomoon.ttf in Resources */ = {isa = PBXBuildFile; fileRef = BA405E251A564F8400027F32 /* icomoon.ttf */; };
		BA405E271A564F8400027F32 /* icomoon.ttf in Resources */ = {isa = PBXBuildFile; fileRef = BA405E251A564F8400027F32 /* icomoon.ttf */; };
		BA405E291A56E31700027F32 /* FeedTextCard.swift in Sources */ = {isa = PBXBuildFile; fileRef = BA405E281A56E31700027F32 /* FeedTextCard.swift */; };
		BA405E2A1A56E31700027F32 /* FeedTextCard.swift in Sources */ = {isa = PBXBuildFile; fileRef = BA405E281A56E31700027F32 /* FeedTextCard.swift */; };
		BA405E2C1A56E32A00027F32 /* FeedTextCard.xib in Resources */ = {isa = PBXBuildFile; fileRef = BA405E2B1A56E32A00027F32 /* FeedTextCard.xib */; };
		BA405E2D1A56E32A00027F32 /* FeedTextCard.xib in Resources */ = {isa = PBXBuildFile; fileRef = BA405E2B1A56E32A00027F32 /* FeedTextCard.xib */; };
		BA4F504F1A5C2BDB003A34AC /* Comment.swift in Sources */ = {isa = PBXBuildFile; fileRef = BA4F504E1A5C2BDB003A34AC /* Comment.swift */; };
		BA574E681A47CD200019ABEA /* BemboStd.otf in Resources */ = {isa = PBXBuildFile; fileRef = BA574E671A47CD200019ABEA /* BemboStd.otf */; };
		BA574E691A47CD200019ABEA /* BemboStd.otf in Resources */ = {isa = PBXBuildFile; fileRef = BA574E671A47CD200019ABEA /* BemboStd.otf */; };
		BA5D80C81A5AEF2000581E01 /* Post.swift in Sources */ = {isa = PBXBuildFile; fileRef = BA5D80C71A5AEF2000581E01 /* Post.swift */; };
		BA5D80C91A5AF1DC00581E01 /* Post.swift in Sources */ = {isa = PBXBuildFile; fileRef = BA5D80C71A5AEF2000581E01 /* Post.swift */; };
		BA5D80CB1A5AF60700581E01 /* FullPostView.swift in Sources */ = {isa = PBXBuildFile; fileRef = BA5D80CA1A5AF60700581E01 /* FullPostView.swift */; };
		BA65B5591A5D34C8000EA01C /* readerA.html in Resources */ = {isa = PBXBuildFile; fileRef = BA65B5581A5D34C8000EA01C /* readerA.html */; };
		BA65B5601A5D3A2F000EA01C /* readerO.html in Resources */ = {isa = PBXBuildFile; fileRef = BA65B55F1A5D3A2F000EA01C /* readerO.html */; };
		BA71E2691A53FE76006AD99A /* Dollar.framework in Frameworks */ = {isa = PBXBuildFile; fileRef = BAB60FB41A46147400786F74 /* Dollar.framework */; };
		BA71E26B1A54410F006AD99A /* FeedLinkCard.swift in Sources */ = {isa = PBXBuildFile; fileRef = BA71E26A1A54410F006AD99A /* FeedLinkCard.swift */; };
		BA71E26D1A544123006AD99A /* FeedLinkCard.xib in Resources */ = {isa = PBXBuildFile; fileRef = BA71E26C1A544123006AD99A /* FeedLinkCard.xib */; };
		BA71E26F1A544395006AD99A /* PostCell.swift in Sources */ = {isa = PBXBuildFile; fileRef = BA71E26E1A544395006AD99A /* PostCell.swift */; };
		BA7EE2B11A5586A30003A061 /* DINPro-Regular.otf in Resources */ = {isa = PBXBuildFile; fileRef = BA7EE2B01A5586A30003A061 /* DINPro-Regular.otf */; };
		BA7EE2B21A5586A30003A061 /* DINPro-Regular.otf in Resources */ = {isa = PBXBuildFile; fileRef = BA7EE2B01A5586A30003A061 /* DINPro-Regular.otf */; };
		BA7EE2B91A55874E0003A061 /* DINPro-Medium.otf in Resources */ = {isa = PBXBuildFile; fileRef = BA7EE2B81A55874E0003A061 /* DINPro-Medium.otf */; };
		BA7EE2BA1A55874E0003A061 /* DINPro-Medium.otf in Resources */ = {isa = PBXBuildFile; fileRef = BA7EE2B81A55874E0003A061 /* DINPro-Medium.otf */; };
		BA8E250F1A5C2C5200FBBC40 /* Comment.swift in Sources */ = {isa = PBXBuildFile; fileRef = BA4F504E1A5C2BDB003A34AC /* Comment.swift */; };
		BA8E25161A5C315D00FBBC40 /* NewComment.swift in Sources */ = {isa = PBXBuildFile; fileRef = BA8E25151A5C315D00FBBC40 /* NewComment.swift */; };
		BA8E25181A5C316900FBBC40 /* NewComment.xib in Resources */ = {isa = PBXBuildFile; fileRef = BA8E25171A5C316900FBBC40 /* NewComment.xib */; };
		BA8E251A1A5C3ECD00FBBC40 /* DINPro-Bold.otf in Resources */ = {isa = PBXBuildFile; fileRef = BA8E25191A5C3ECD00FBBC40 /* DINPro-Bold.otf */; };
		BA8E251B1A5C3ECD00FBBC40 /* DINPro-Bold.otf in Resources */ = {isa = PBXBuildFile; fileRef = BA8E25191A5C3ECD00FBBC40 /* DINPro-Bold.otf */; };
		BA8E251D1A5CE13B00FBBC40 /* DINPro-Light.ttf in Resources */ = {isa = PBXBuildFile; fileRef = BA8E251C1A5CE13B00FBBC40 /* DINPro-Light.ttf */; };
		BA8E251E1A5CE13B00FBBC40 /* DINPro-Light.ttf in Resources */ = {isa = PBXBuildFile; fileRef = BA8E251C1A5CE13B00FBBC40 /* DINPro-Light.ttf */; };
		BA90BA4D1A5286C80090989C /* NewPostView.swift in Sources */ = {isa = PBXBuildFile; fileRef = BA90BA4C1A5286C80090989C /* NewPostView.swift */; };
		BA90BA531A5288930090989C /* NewPost.xib in Resources */ = {isa = PBXBuildFile; fileRef = BA90BA521A5288930090989C /* NewPost.xib */; };
		BAB60F831A455A8900786F74 /* UIColorExtension.swift in Sources */ = {isa = PBXBuildFile; fileRef = BAB60F821A455A8900786F74 /* UIColorExtension.swift */; };
		BAB60F8E1A4563D100786F74 /* ShareViewController.swift in Sources */ = {isa = PBXBuildFile; fileRef = BAB60F8D1A4563D100786F74 /* ShareViewController.swift */; };
		BAB60F901A4563D100786F74 /* MainInterface.storyboard in Resources */ = {isa = PBXBuildFile; fileRef = BAB60F8F1A4563D100786F74 /* MainInterface.storyboard */; };
		BAB60F941A4563D100786F74 /* Haggle Share Sheet.appex in Embed App Extensions */ = {isa = PBXBuildFile; fileRef = BAB60F891A4563D100786F74 /* Haggle Share Sheet.appex */; settings = {ATTRIBUTES = (RemoveHeadersOnCopy, ); }; };
		BABC2C7E1A451D7C00DE1BE2 /* Utils.swift in Sources */ = {isa = PBXBuildFile; fileRef = BABC2C7D1A451D7C00DE1BE2 /* Utils.swift */; };
		BABC2C801A451D8600DE1BE2 /* Config.swift in Sources */ = {isa = PBXBuildFile; fileRef = BABC2C7F1A451D8600DE1BE2 /* Config.swift */; };
		BAD9FE331A45170E00515648 /* EntryCell.swift in Sources */ = {isa = PBXBuildFile; fileRef = BAD9FE321A45170E00515648 /* EntryCell.swift */; };
		BAEFDDF81A5BF8E2006BC13B /* FullPostView.xib in Resources */ = {isa = PBXBuildFile; fileRef = BAEFDDF71A5BF8E2006BC13B /* FullPostView.xib */; };
		BAFDE1831A46B48800585AF8 /* Main.storyboard in Resources */ = {isa = PBXBuildFile; fileRef = BA29BE221A44E02A003B55D9 /* Main.storyboard */; };
/* End PBXBuildFile section */

/* Begin PBXContainerItemProxy section */
		BA24464F1A5399DB00CFECBC /* PBXContainerItemProxy */ = {
			isa = PBXContainerItemProxy;
			containerPortal = BA24464A1A5399DB00CFECBC /* Snappy.xcodeproj */;
			proxyType = 2;
			remoteGlobalIDString = EEBCC9D819CC627D0083B827;
			remoteInfo = Snappy;
		};
		BA2446511A5399DB00CFECBC /* PBXContainerItemProxy */ = {
			isa = PBXContainerItemProxy;
			containerPortal = BA24464A1A5399DB00CFECBC /* Snappy.xcodeproj */;
			proxyType = 2;
			remoteGlobalIDString = EEBCC9E219CC627E0083B827;
			remoteInfo = SnappyTests;
		};
		BA2446551A5399F200CFECBC /* PBXContainerItemProxy */ = {
			isa = PBXContainerItemProxy;
			containerPortal = BA24464A1A5399DB00CFECBC /* Snappy.xcodeproj */;
			proxyType = 1;
			remoteGlobalIDString = EEBCC9D719CC627D0083B827;
			remoteInfo = Snappy;
		};
		BA29BE2F1A44E02A003B55D9 /* PBXContainerItemProxy */ = {
			isa = PBXContainerItemProxy;
			containerPortal = BA29BE111A44E02A003B55D9 /* Project object */;
			proxyType = 1;
			remoteGlobalIDString = BA29BE181A44E02A003B55D9;
			remoteInfo = Haggle;
		};
		BAB60F911A4563D100786F74 /* PBXContainerItemProxy */ = {
			isa = PBXContainerItemProxy;
			containerPortal = BA29BE111A44E02A003B55D9 /* Project object */;
			proxyType = 1;
			remoteGlobalIDString = BAB60F881A4563D100786F74;
			remoteInfo = "Haggle Share Sheet";
		};
		BAB60FA11A46144F00786F74 /* PBXContainerItemProxy */ = {
			isa = PBXContainerItemProxy;
			containerPortal = BAB60F9C1A46144F00786F74 /* Alamofire.xcodeproj */;
			proxyType = 2;
			remoteGlobalIDString = F8111E3319A95C8B0040E7D1;
			remoteInfo = Alamofire;
		};
		BAB60FA31A46144F00786F74 /* PBXContainerItemProxy */ = {
			isa = PBXContainerItemProxy;
			containerPortal = BAB60F9C1A46144F00786F74 /* Alamofire.xcodeproj */;
			proxyType = 2;
			remoteGlobalIDString = F8111E3E19A95C8B0040E7D1;
			remoteInfo = AlamofireTests;
		};
		BAB60FB31A46147400786F74 /* PBXContainerItemProxy */ = {
			isa = PBXContainerItemProxy;
			containerPortal = BAB60FAE1A46147400786F74 /* Dollar.xcodeproj */;
			proxyType = 2;
			remoteGlobalIDString = 92E0D03C19467C67002ACC3D;
			remoteInfo = Dollar;
		};
		BAB60FB51A46147400786F74 /* PBXContainerItemProxy */ = {
			isa = PBXContainerItemProxy;
			containerPortal = BAB60FAE1A46147400786F74 /* Dollar.xcodeproj */;
			proxyType = 2;
			remoteGlobalIDString = 92E6686F19F09C6400BB4FB8;
			remoteInfo = DollarTests;
		};
/* End PBXContainerItemProxy section */

/* Begin PBXCopyFilesBuildPhase section */
		BAB60F931A4563D100786F74 /* Embed App Extensions */ = {
			isa = PBXCopyFilesBuildPhase;
			buildActionMask = 2147483647;
			dstPath = "";
			dstSubfolderSpec = 13;
			files = (
				BAB60F941A4563D100786F74 /* Haggle Share Sheet.appex in Embed App Extensions */,
			);
			name = "Embed App Extensions";
			runOnlyForDeploymentPostprocessing = 0;
		};
		BABC2C7A1A451B3600DE1BE2 /* Copy Files (1 item) */ = {
			isa = PBXCopyFilesBuildPhase;
			buildActionMask = 2147483647;
			dstPath = "";
			dstSubfolderSpec = 10;
			files = (
				BA2446541A5399F200CFECBC /* Snappy.framework in Copy Files (1 item) */,
				BA2AE3D91A462EB700E2A05D /* Dollar.framework in Copy Files (1 item) */,
				BA2AE3D81A462EB400E2A05D /* Alamofire.framework in Copy Files (1 item) */,
			);
			name = "Copy Files (1 item)";
			runOnlyForDeploymentPostprocessing = 0;
		};
/* End PBXCopyFilesBuildPhase section */

/* Begin PBXFileReference section */
		BA24464A1A5399DB00CFECBC /* Snappy.xcodeproj */ = {isa = PBXFileReference; lastKnownFileType = "wrapper.pb-project"; name = Snappy.xcodeproj; path = Snappy/Snappy.xcodeproj; sourceTree = "<group>"; };
		BA29BE191A44E02A003B55D9 /* Haggle.app */ = {isa = PBXFileReference; explicitFileType = wrapper.application; includeInIndex = 0; path = Haggle.app; sourceTree = BUILT_PRODUCTS_DIR; };
		BA29BE1D1A44E02A003B55D9 /* Info.plist */ = {isa = PBXFileReference; lastKnownFileType = text.plist.xml; path = Info.plist; sourceTree = "<group>"; };
		BA29BE1E1A44E02A003B55D9 /* AppDelegate.swift */ = {isa = PBXFileReference; lastKnownFileType = sourcecode.swift; path = AppDelegate.swift; sourceTree = "<group>"; };
		BA29BE201A44E02A003B55D9 /* ItemController.swift */ = {isa = PBXFileReference; lastKnownFileType = sourcecode.swift; path = ItemController.swift; sourceTree = "<group>"; };
		BA29BE231A44E02A003B55D9 /* Base */ = {isa = PBXFileReference; lastKnownFileType = file.storyboard; name = Base; path = Base.lproj/Main.storyboard; sourceTree = "<group>"; };
		BA29BE251A44E02A003B55D9 /* Images.xcassets */ = {isa = PBXFileReference; lastKnownFileType = folder.assetcatalog; path = Images.xcassets; sourceTree = "<group>"; };
		BA29BE281A44E02A003B55D9 /* Base */ = {isa = PBXFileReference; lastKnownFileType = file.xib; name = Base; path = Base.lproj/LaunchScreen.xib; sourceTree = "<group>"; };
		BA29BE2E1A44E02A003B55D9 /* HaggleTests.xctest */ = {isa = PBXFileReference; explicitFileType = wrapper.cfbundle; includeInIndex = 0; path = HaggleTests.xctest; sourceTree = BUILT_PRODUCTS_DIR; };
		BA29BE331A44E02A003B55D9 /* Info.plist */ = {isa = PBXFileReference; lastKnownFileType = text.plist.xml; path = Info.plist; sourceTree = "<group>"; };
		BA29BE341A44E02A003B55D9 /* HaggleTests.swift */ = {isa = PBXFileReference; lastKnownFileType = sourcecode.swift; path = HaggleTests.swift; sourceTree = "<group>"; };
		BA2AE3DC1A46739300E2A05D /* Item.swift */ = {isa = PBXFileReference; fileEncoding = 4; lastKnownFileType = sourcecode.swift; path = Item.swift; sourceTree = "<group>"; };
		BA2AE3E11A46995A00E2A05D /* UIColoredButton.swift */ = {isa = PBXFileReference; fileEncoding = 4; lastKnownFileType = sourcecode.swift; path = UIColoredButton.swift; sourceTree = "<group>"; };
		BA2DB4BC1A51D4B40024F40E /* FeedController.swift */ = {isa = PBXFileReference; fileEncoding = 4; lastKnownFileType = sourcecode.swift; path = FeedController.swift; sourceTree = "<group>"; };
		BA2DB4BF1A51D4C30024F40E /* InboxController.swift */ = {isa = PBXFileReference; fileEncoding = 4; lastKnownFileType = sourcecode.swift; path = InboxController.swift; sourceTree = "<group>"; };
		BA2DB4C11A526CFC0024F40E /* list-simple-7.png */ = {isa = PBXFileReference; lastKnownFileType = image.png; path = "list-simple-7.png"; sourceTree = "<group>"; };
		BA2DB4C31A526D3B0024F40E /* business-box-in-7.png */ = {isa = PBXFileReference; lastKnownFileType = image.png; path = "business-box-in-7.png"; sourceTree = "<group>"; };
		BA405E191A5644EF00027F32 /* PostDropDown.xib */ = {isa = PBXFileReference; fileEncoding = 4; lastKnownFileType = file.xib; path = PostDropDown.xib; sourceTree = "<group>"; };
		BA405E201A56450F00027F32 /* PostDropDown.swift */ = {isa = PBXFileReference; fileEncoding = 4; lastKnownFileType = sourcecode.swift; path = PostDropDown.swift; sourceTree = "<group>"; };
		BA405E251A564F8400027F32 /* icomoon.ttf */ = {isa = PBXFileReference; lastKnownFileType = file; path = icomoon.ttf; sourceTree = "<group>"; };
		BA405E281A56E31700027F32 /* FeedTextCard.swift */ = {isa = PBXFileReference; fileEncoding = 4; lastKnownFileType = sourcecode.swift; path = FeedTextCard.swift; sourceTree = "<group>"; };
		BA405E2B1A56E32A00027F32 /* FeedTextCard.xib */ = {isa = PBXFileReference; fileEncoding = 4; lastKnownFileType = file.xib; path = FeedTextCard.xib; sourceTree = "<group>"; };
		BA4F504E1A5C2BDB003A34AC /* Comment.swift */ = {isa = PBXFileReference; fileEncoding = 4; lastKnownFileType = sourcecode.swift; path = Comment.swift; sourceTree = "<group>"; };
		BA574E671A47CD200019ABEA /* BemboStd.otf */ = {isa = PBXFileReference; lastKnownFileType = file; path = BemboStd.otf; sourceTree = "<group>"; };
		BA5D80C71A5AEF2000581E01 /* Post.swift */ = {isa = PBXFileReference; fileEncoding = 4; lastKnownFileType = sourcecode.swift; path = Post.swift; sourceTree = "<group>"; };
		BA5D80CA1A5AF60700581E01 /* FullPostView.swift */ = {isa = PBXFileReference; fileEncoding = 4; lastKnownFileType = sourcecode.swift; path = FullPostView.swift; sourceTree = "<group>"; };
		BA65B5581A5D34C8000EA01C /* readerA.html */ = {isa = PBXFileReference; fileEncoding = 4; lastKnownFileType = text.html; path = readerA.html; sourceTree = "<group>"; };
		BA65B55F1A5D3A2F000EA01C /* readerO.html */ = {isa = PBXFileReference; fileEncoding = 4; lastKnownFileType = text.html; path = readerO.html; sourceTree = "<group>"; };
		BA71E26A1A54410F006AD99A /* FeedLinkCard.swift */ = {isa = PBXFileReference; fileEncoding = 4; lastKnownFileType = sourcecode.swift; path = FeedLinkCard.swift; sourceTree = "<group>"; };
		BA71E26C1A544123006AD99A /* FeedLinkCard.xib */ = {isa = PBXFileReference; fileEncoding = 4; lastKnownFileType = file.xib; path = FeedLinkCard.xib; sourceTree = "<group>"; };
		BA71E26E1A544395006AD99A /* PostCell.swift */ = {isa = PBXFileReference; fileEncoding = 4; lastKnownFileType = sourcecode.swift; path = PostCell.swift; sourceTree = "<group>"; };
		BA7EE2B01A5586A30003A061 /* DINPro-Regular.otf */ = {isa = PBXFileReference; lastKnownFileType = file; path = "DINPro-Regular.otf"; sourceTree = "<group>"; };
		BA7EE2B81A55874E0003A061 /* DINPro-Medium.otf */ = {isa = PBXFileReference; lastKnownFileType = file; path = "DINPro-Medium.otf"; sourceTree = "<group>"; };
		BA8E25151A5C315D00FBBC40 /* NewComment.swift */ = {isa = PBXFileReference; fileEncoding = 4; lastKnownFileType = sourcecode.swift; path = NewComment.swift; sourceTree = "<group>"; };
		BA8E25171A5C316900FBBC40 /* NewComment.xib */ = {isa = PBXFileReference; fileEncoding = 4; lastKnownFileType = file.xib; path = NewComment.xib; sourceTree = "<group>"; };
		BA8E25191A5C3ECD00FBBC40 /* DINPro-Bold.otf */ = {isa = PBXFileReference; lastKnownFileType = file; path = "DINPro-Bold.otf"; sourceTree = "<group>"; };
		BA8E251C1A5CE13B00FBBC40 /* DINPro-Light.ttf */ = {isa = PBXFileReference; lastKnownFileType = file; path = "DINPro-Light.ttf"; sourceTree = "<group>"; };
		BA90BA4C1A5286C80090989C /* NewPostView.swift */ = {isa = PBXFileReference; fileEncoding = 4; lastKnownFileType = sourcecode.swift; path = NewPostView.swift; sourceTree = "<group>"; };
		BA90BA521A5288930090989C /* NewPost.xib */ = {isa = PBXFileReference; fileEncoding = 4; lastKnownFileType = file.xib; path = NewPost.xib; sourceTree = "<group>"; };
		BAB60F821A455A8900786F74 /* UIColorExtension.swift */ = {isa = PBXFileReference; fileEncoding = 4; lastKnownFileType = sourcecode.swift; path = UIColorExtension.swift; sourceTree = "<group>"; };
		BAB60F891A4563D100786F74 /* Haggle Share Sheet.appex */ = {isa = PBXFileReference; explicitFileType = "wrapper.app-extension"; includeInIndex = 0; path = "Haggle Share Sheet.appex"; sourceTree = BUILT_PRODUCTS_DIR; };
		BAB60F8C1A4563D100786F74 /* Info.plist */ = {isa = PBXFileReference; lastKnownFileType = text.plist.xml; path = Info.plist; sourceTree = "<group>"; };
		BAB60F8D1A4563D100786F74 /* ShareViewController.swift */ = {isa = PBXFileReference; lastKnownFileType = sourcecode.swift; path = ShareViewController.swift; sourceTree = "<group>"; };
		BAB60F8F1A4563D100786F74 /* MainInterface.storyboard */ = {isa = PBXFileReference; lastKnownFileType = file.storyboard; path = MainInterface.storyboard; sourceTree = "<group>"; };
		BAB60F981A456E5600786F74 /* Haggle Share Sheet.entitlements */ = {isa = PBXFileReference; lastKnownFileType = text.xml; path = "Haggle Share Sheet.entitlements"; sourceTree = "<group>"; };
		BAB60F991A456E8800786F74 /* Haggle.entitlements */ = {isa = PBXFileReference; lastKnownFileType = text.xml; path = Haggle.entitlements; sourceTree = "<group>"; };
		BAB60F9C1A46144F00786F74 /* Alamofire.xcodeproj */ = {isa = PBXFileReference; lastKnownFileType = "wrapper.pb-project"; name = Alamofire.xcodeproj; path = Alamofire/Alamofire.xcodeproj; sourceTree = "<group>"; };
		BAB60FAE1A46147400786F74 /* Dollar.xcodeproj */ = {isa = PBXFileReference; lastKnownFileType = "wrapper.pb-project"; name = Dollar.xcodeproj; path = Dollar.swift/Dollar/Dollar.xcodeproj; sourceTree = "<group>"; };
		BABC2C7D1A451D7C00DE1BE2 /* Utils.swift */ = {isa = PBXFileReference; fileEncoding = 4; lastKnownFileType = sourcecode.swift; path = Utils.swift; sourceTree = "<group>"; };
		BABC2C7F1A451D8600DE1BE2 /* Config.swift */ = {isa = PBXFileReference; fileEncoding = 4; lastKnownFileType = sourcecode.swift; path = Config.swift; sourceTree = "<group>"; };
		BAD9FE321A45170E00515648 /* EntryCell.swift */ = {isa = PBXFileReference; fileEncoding = 4; lastKnownFileType = sourcecode.swift; path = EntryCell.swift; sourceTree = "<group>"; };
		BAEFDDF71A5BF8E2006BC13B /* FullPostView.xib */ = {isa = PBXFileReference; fileEncoding = 4; lastKnownFileType = file.xib; path = FullPostView.xib; sourceTree = "<group>"; };
/* End PBXFileReference section */

/* Begin PBXFrameworksBuildPhase section */
		BA29BE161A44E02A003B55D9 /* Frameworks */ = {
			isa = PBXFrameworksBuildPhase;
			buildActionMask = 2147483647;
			files = (
				BA2446531A5399F200CFECBC /* Snappy.framework in Frameworks */,
				BA71E2691A53FE76006AD99A /* Dollar.framework in Frameworks */,
			);
			runOnlyForDeploymentPostprocessing = 0;
		};
		BA29BE2B1A44E02A003B55D9 /* Frameworks */ = {
			isa = PBXFrameworksBuildPhase;
			buildActionMask = 2147483647;
			files = (
			);
			runOnlyForDeploymentPostprocessing = 0;
		};
		BAB60F861A4563D100786F74 /* Frameworks */ = {
			isa = PBXFrameworksBuildPhase;
			buildActionMask = 2147483647;
			files = (
				BA2AE3DB1A4655F800E2A05D /* Alamofire.framework in Frameworks */,
			);
			runOnlyForDeploymentPostprocessing = 0;
		};
/* End PBXFrameworksBuildPhase section */

/* Begin PBXGroup section */
		BA24464B1A5399DB00CFECBC /* Products */ = {
			isa = PBXGroup;
			children = (
				BA2446501A5399DB00CFECBC /* Snappy.framework */,
				BA2446521A5399DB00CFECBC /* SnappyTests.xctest */,
			);
			name = Products;
			sourceTree = "<group>";
		};
		BA29BE101A44E02A003B55D9 = {
			isa = PBXGroup;
			children = (
				BA24464A1A5399DB00CFECBC /* Snappy.xcodeproj */,
				BAB60F9C1A46144F00786F74 /* Alamofire.xcodeproj */,
				BAB60FAE1A46147400786F74 /* Dollar.xcodeproj */,
				BA29BE1B1A44E02A003B55D9 /* Haggle */,
				BAB60F8A1A4563D100786F74 /* Haggle Share Sheet */,
				BA29BE311A44E02A003B55D9 /* HaggleTests */,
				BA29BE1A1A44E02A003B55D9 /* Products */,
			);
			sourceTree = "<group>";
		};
		BA29BE1A1A44E02A003B55D9 /* Products */ = {
			isa = PBXGroup;
			children = (
				BA29BE191A44E02A003B55D9 /* Haggle.app */,
				BA29BE2E1A44E02A003B55D9 /* HaggleTests.xctest */,
				BAB60F891A4563D100786F74 /* Haggle Share Sheet.appex */,
			);
			name = Products;
			sourceTree = "<group>";
		};
		BA29BE1B1A44E02A003B55D9 /* Haggle */ = {
			isa = PBXGroup;
			children = (
				BAB60F991A456E8800786F74 /* Haggle.entitlements */,
				BAB60F7F1A455A6800786F74 /* Misc Files */,
				BABC2C7C1A451D5200DE1BE2 /* Utility Files */,
				BA2DB4BC1A51D4B40024F40E /* FeedController.swift */,
				BA2DB4BF1A51D4C30024F40E /* InboxController.swift */,
				BA29BE201A44E02A003B55D9 /* ItemController.swift */,
				BA29BE1E1A44E02A003B55D9 /* AppDelegate.swift */,
				BA71E26E1A544395006AD99A /* PostCell.swift */,
				BAD9FE321A45170E00515648 /* EntryCell.swift */,
				BA90BA4C1A5286C80090989C /* NewPostView.swift */,
				BA90BA521A5288930090989C /* NewPost.xib */,
				BA29BE221A44E02A003B55D9 /* Main.storyboard */,
				BA29BE251A44E02A003B55D9 /* Images.xcassets */,
				BA29BE271A44E02A003B55D9 /* LaunchScreen.xib */,
				BA29BE1C1A44E02A003B55D9 /* Supporting Files */,
				BA405E201A56450F00027F32 /* PostDropDown.swift */,
				BA405E191A5644EF00027F32 /* PostDropDown.xib */,
				BA71E26A1A54410F006AD99A /* FeedLinkCard.swift */,
				BA71E26C1A544123006AD99A /* FeedLinkCard.xib */,
				BA405E281A56E31700027F32 /* FeedTextCard.swift */,
				BA405E2B1A56E32A00027F32 /* FeedTextCard.xib */,
				BA5D80C71A5AEF2000581E01 /* Post.swift */,
				BA4F504E1A5C2BDB003A34AC /* Comment.swift */,
				BA5D80CA1A5AF60700581E01 /* FullPostView.swift */,
				BAEFDDF71A5BF8E2006BC13B /* FullPostView.xib */,
				BA8E25151A5C315D00FBBC40 /* NewComment.swift */,
				BA8E25171A5C316900FBBC40 /* NewComment.xib */,
			);
			path = Haggle;
			sourceTree = "<group>";
		};
		BA29BE1C1A44E02A003B55D9 /* Supporting Files */ = {
			isa = PBXGroup;
			children = (
				BA8E251C1A5CE13B00FBBC40 /* DINPro-Light.ttf */,
				BA8E25191A5C3ECD00FBBC40 /* DINPro-Bold.otf */,
				BA405E251A564F8400027F32 /* icomoon.ttf */,
				BA7EE2B81A55874E0003A061 /* DINPro-Medium.otf */,
				BA7EE2B01A5586A30003A061 /* DINPro-Regular.otf */,
				BA2DB4C31A526D3B0024F40E /* business-box-in-7.png */,
				BA2DB4C11A526CFC0024F40E /* list-simple-7.png */,
				BA574E671A47CD200019ABEA /* BemboStd.otf */,
				BA29BE1D1A44E02A003B55D9 /* Info.plist */,
				BA65B5581A5D34C8000EA01C /* readerA.html */,
				BA65B55F1A5D3A2F000EA01C /* readerO.html */,
			);
			name = "Supporting Files";
			sourceTree = "<group>";
		};
		BA29BE311A44E02A003B55D9 /* HaggleTests */ = {
			isa = PBXGroup;
			children = (
				BA29BE341A44E02A003B55D9 /* HaggleTests.swift */,
				BA29BE321A44E02A003B55D9 /* Supporting Files */,
			);
			path = HaggleTests;
			sourceTree = "<group>";
		};
		BA29BE321A44E02A003B55D9 /* Supporting Files */ = {
			isa = PBXGroup;
			children = (
				BA29BE331A44E02A003B55D9 /* Info.plist */,
			);
			name = "Supporting Files";
			sourceTree = "<group>";
		};
		BAB60F7F1A455A6800786F74 /* Misc Files */ = {
			isa = PBXGroup;
			children = (
				BAB60F821A455A8900786F74 /* UIColorExtension.swift */,
			);
			name = "Misc Files";
			sourceTree = "<group>";
		};
		BAB60F8A1A4563D100786F74 /* Haggle Share Sheet */ = {
			isa = PBXGroup;
			children = (
				BAB60F981A456E5600786F74 /* Haggle Share Sheet.entitlements */,
				BAB60F8D1A4563D100786F74 /* ShareViewController.swift */,
				BAB60F8F1A4563D100786F74 /* MainInterface.storyboard */,
				BA2AE3E11A46995A00E2A05D /* UIColoredButton.swift */,
				BA2AE3DC1A46739300E2A05D /* Item.swift */,
				BAB60F8B1A4563D100786F74 /* Supporting Files */,
			);
			path = "Haggle Share Sheet";
			sourceTree = "<group>";
		};
		BAB60F8B1A4563D100786F74 /* Supporting Files */ = {
			isa = PBXGroup;
			children = (
				BAB60F8C1A4563D100786F74 /* Info.plist */,
			);
			name = "Supporting Files";
			sourceTree = "<group>";
		};
		BAB60F9D1A46144F00786F74 /* Products */ = {
			isa = PBXGroup;
			children = (
				BAB60FA21A46144F00786F74 /* Alamofire.framework */,
				BAB60FA41A46144F00786F74 /* AlamofireTests.xctest */,
			);
			name = Products;
			sourceTree = "<group>";
		};
		BAB60FAF1A46147400786F74 /* Products */ = {
			isa = PBXGroup;
			children = (
				BAB60FB41A46147400786F74 /* Dollar.framework */,
				BAB60FB61A46147400786F74 /* DollarTests.xctest */,
			);
			name = Products;
			sourceTree = "<group>";
		};
		BABC2C7C1A451D5200DE1BE2 /* Utility Files */ = {
			isa = PBXGroup;
			children = (
				BABC2C7D1A451D7C00DE1BE2 /* Utils.swift */,
				BABC2C7F1A451D8600DE1BE2 /* Config.swift */,
			);
			name = "Utility Files";
			sourceTree = "<group>";
		};
/* End PBXGroup section */

/* Begin PBXNativeTarget section */
		BA29BE181A44E02A003B55D9 /* Haggle */ = {
			isa = PBXNativeTarget;
			buildConfigurationList = BA29BE381A44E02A003B55D9 /* Build configuration list for PBXNativeTarget "Haggle" */;
			buildPhases = (
				BA29BE151A44E02A003B55D9 /* Sources */,
				BA29BE161A44E02A003B55D9 /* Frameworks */,
				BA29BE171A44E02A003B55D9 /* Resources */,
				BABC2C7A1A451B3600DE1BE2 /* Copy Files (1 item) */,
				BAB60F931A4563D100786F74 /* Embed App Extensions */,
			);
			buildRules = (
			);
			dependencies = (
				BAB60F921A4563D100786F74 /* PBXTargetDependency */,
				BA2446561A5399F200CFECBC /* PBXTargetDependency */,
			);
			name = Haggle;
			productName = Haggle;
			productReference = BA29BE191A44E02A003B55D9 /* Haggle.app */;
			productType = "com.apple.product-type.application";
		};
		BA29BE2D1A44E02A003B55D9 /* HaggleTests */ = {
			isa = PBXNativeTarget;
			buildConfigurationList = BA29BE3B1A44E02A003B55D9 /* Build configuration list for PBXNativeTarget "HaggleTests" */;
			buildPhases = (
				BA29BE2A1A44E02A003B55D9 /* Sources */,
				BA29BE2B1A44E02A003B55D9 /* Frameworks */,
				BA29BE2C1A44E02A003B55D9 /* Resources */,
			);
			buildRules = (
			);
			dependencies = (
				BA29BE301A44E02A003B55D9 /* PBXTargetDependency */,
			);
			name = HaggleTests;
			productName = HaggleTests;
			productReference = BA29BE2E1A44E02A003B55D9 /* HaggleTests.xctest */;
			productType = "com.apple.product-type.bundle.unit-test";
		};
		BAB60F881A4563D100786F74 /* Haggle Share Sheet */ = {
			isa = PBXNativeTarget;
			buildConfigurationList = BAB60F951A4563D200786F74 /* Build configuration list for PBXNativeTarget "Haggle Share Sheet" */;
			buildPhases = (
				BAB60F851A4563D100786F74 /* Sources */,
				BAB60F861A4563D100786F74 /* Frameworks */,
				BAB60F871A4563D100786F74 /* Resources */,
			);
			buildRules = (
			);
			dependencies = (
			);
			name = "Haggle Share Sheet";
			productName = "Haggle Share Sheet";
			productReference = BAB60F891A4563D100786F74 /* Haggle Share Sheet.appex */;
			productType = "com.apple.product-type.app-extension";
		};
/* End PBXNativeTarget section */

/* Begin PBXProject section */
		BA29BE111A44E02A003B55D9 /* Project object */ = {
			isa = PBXProject;
			attributes = {
				LastUpgradeCheck = 0610;
				ORGANIZATIONNAME = Caffio;
				TargetAttributes = {
					BA29BE181A44E02A003B55D9 = {
						CreatedOnToolsVersion = 6.1.1;
						DevelopmentTeam = 8M23MH7MZP;
						SystemCapabilities = {
							com.apple.ApplicationGroups.iOS = {
								enabled = 1;
							};
						};
					};
					BA29BE2D1A44E02A003B55D9 = {
						CreatedOnToolsVersion = 6.1.1;
						TestTargetID = BA29BE181A44E02A003B55D9;
					};
					BAB60F881A4563D100786F74 = {
						CreatedOnToolsVersion = 6.1.1;
						DevelopmentTeam = 8M23MH7MZP;
						SystemCapabilities = {
							com.apple.ApplicationGroups.iOS = {
								enabled = 0;
							};
						};
					};
				};
			};
			buildConfigurationList = BA29BE141A44E02A003B55D9 /* Build configuration list for PBXProject "Haggle" */;
			compatibilityVersion = "Xcode 3.2";
			developmentRegion = English;
			hasScannedForEncodings = 0;
			knownRegions = (
				en,
				Base,
			);
			mainGroup = BA29BE101A44E02A003B55D9;
			productRefGroup = BA29BE1A1A44E02A003B55D9 /* Products */;
			projectDirPath = "";
			projectReferences = (
				{
					ProductGroup = BAB60F9D1A46144F00786F74 /* Products */;
					ProjectRef = BAB60F9C1A46144F00786F74 /* Alamofire.xcodeproj */;
				},
				{
					ProductGroup = BAB60FAF1A46147400786F74 /* Products */;
					ProjectRef = BAB60FAE1A46147400786F74 /* Dollar.xcodeproj */;
				},
				{
					ProductGroup = BA24464B1A5399DB00CFECBC /* Products */;
					ProjectRef = BA24464A1A5399DB00CFECBC /* Snappy.xcodeproj */;
				},
			);
			projectRoot = "";
			targets = (
				BA29BE181A44E02A003B55D9 /* Haggle */,
				BA29BE2D1A44E02A003B55D9 /* HaggleTests */,
				BAB60F881A4563D100786F74 /* Haggle Share Sheet */,
			);
		};
/* End PBXProject section */

/* Begin PBXReferenceProxy section */
		BA2446501A5399DB00CFECBC /* Snappy.framework */ = {
			isa = PBXReferenceProxy;
			fileType = wrapper.framework;
			path = Snappy.framework;
			remoteRef = BA24464F1A5399DB00CFECBC /* PBXContainerItemProxy */;
			sourceTree = BUILT_PRODUCTS_DIR;
		};
		BA2446521A5399DB00CFECBC /* SnappyTests.xctest */ = {
			isa = PBXReferenceProxy;
			fileType = wrapper.cfbundle;
			path = SnappyTests.xctest;
			remoteRef = BA2446511A5399DB00CFECBC /* PBXContainerItemProxy */;
			sourceTree = BUILT_PRODUCTS_DIR;
		};
		BAB60FA21A46144F00786F74 /* Alamofire.framework */ = {
			isa = PBXReferenceProxy;
			fileType = wrapper.framework;
			path = Alamofire.framework;
			remoteRef = BAB60FA11A46144F00786F74 /* PBXContainerItemProxy */;
			sourceTree = BUILT_PRODUCTS_DIR;
		};
		BAB60FA41A46144F00786F74 /* AlamofireTests.xctest */ = {
			isa = PBXReferenceProxy;
			fileType = wrapper.cfbundle;
			path = AlamofireTests.xctest;
			remoteRef = BAB60FA31A46144F00786F74 /* PBXContainerItemProxy */;
			sourceTree = BUILT_PRODUCTS_DIR;
		};
		BAB60FB41A46147400786F74 /* Dollar.framework */ = {
			isa = PBXReferenceProxy;
			fileType = wrapper.framework;
			path = Dollar.framework;
			remoteRef = BAB60FB31A46147400786F74 /* PBXContainerItemProxy */;
			sourceTree = BUILT_PRODUCTS_DIR;
		};
		BAB60FB61A46147400786F74 /* DollarTests.xctest */ = {
			isa = PBXReferenceProxy;
			fileType = wrapper.cfbundle;
			path = DollarTests.xctest;
			remoteRef = BAB60FB51A46147400786F74 /* PBXContainerItemProxy */;
			sourceTree = BUILT_PRODUCTS_DIR;
		};
/* End PBXReferenceProxy section */

/* Begin PBXResourcesBuildPhase section */
		BA29BE171A44E02A003B55D9 /* Resources */ = {
			isa = PBXResourcesBuildPhase;
			buildActionMask = 2147483647;
			files = (
				BA65B5601A5D3A2F000EA01C /* readerO.html in Resources */,
				BA8E25181A5C316900FBBC40 /* NewComment.xib in Resources */,
				BA8E251A1A5C3ECD00FBBC40 /* DINPro-Bold.otf in Resources */,
				BA405E2C1A56E32A00027F32 /* FeedTextCard.xib in Resources */,
				BA71E26D1A544123006AD99A /* FeedLinkCard.xib in Resources */,
				BAEFDDF81A5BF8E2006BC13B /* FullPostView.xib in Resources */,
				BA65B5591A5D34C8000EA01C /* readerA.html in Resources */,
				BA405E1A1A5644EF00027F32 /* PostDropDown.xib in Resources */,
				BA7EE2B91A55874E0003A061 /* DINPro-Medium.otf in Resources */,
				BA2DB4C21A526CFC0024F40E /* list-simple-7.png in Resources */,
				BAFDE1831A46B48800585AF8 /* Main.storyboard in Resources */,
				BA29BE291A44E02A003B55D9 /* LaunchScreen.xib in Resources */,
				BA29BE261A44E02A003B55D9 /* Images.xcassets in Resources */,
				BA8E251D1A5CE13B00FBBC40 /* DINPro-Light.ttf in Resources */,
				BA405E261A564F8400027F32 /* icomoon.ttf in Resources */,
				BA574E681A47CD200019ABEA /* BemboStd.otf in Resources */,
				BA90BA531A5288930090989C /* NewPost.xib in Resources */,
				BA7EE2B11A5586A30003A061 /* DINPro-Regular.otf in Resources */,
				BA2DB4C41A526D3B0024F40E /* business-box-in-7.png in Resources */,
			);
			runOnlyForDeploymentPostprocessing = 0;
		};
		BA29BE2C1A44E02A003B55D9 /* Resources */ = {
			isa = PBXResourcesBuildPhase;
			buildActionMask = 2147483647;
			files = (
			);
			runOnlyForDeploymentPostprocessing = 0;
		};
		BAB60F871A4563D100786F74 /* Resources */ = {
			isa = PBXResourcesBuildPhase;
			buildActionMask = 2147483647;
			files = (
				BA8E251B1A5C3ECD00FBBC40 /* DINPro-Bold.otf in Resources */,
				BA405E2D1A56E32A00027F32 /* FeedTextCard.xib in Resources */,
				BAB60F901A4563D100786F74 /* MainInterface.storyboard in Resources */,
				BA405E271A564F8400027F32 /* icomoon.ttf in Resources */,
				BA7EE2B21A5586A30003A061 /* DINPro-Regular.otf in Resources */,
				BA8E251E1A5CE13B00FBBC40 /* DINPro-Light.ttf in Resources */,
				BA7EE2BA1A55874E0003A061 /* DINPro-Medium.otf in Resources */,
				BA574E691A47CD200019ABEA /* BemboStd.otf in Resources */,
			);
			runOnlyForDeploymentPostprocessing = 0;
		};
/* End PBXResourcesBuildPhase section */

/* Begin PBXSourcesBuildPhase section */
		BA29BE151A44E02A003B55D9 /* Sources */ = {
			isa = PBXSourcesBuildPhase;
			buildActionMask = 2147483647;
			files = (
				BA405E211A56450F00027F32 /* PostDropDown.swift in Sources */,
				BA90BA4D1A5286C80090989C /* NewPostView.swift in Sources */,
				BA71E26B1A54410F006AD99A /* FeedLinkCard.swift in Sources */,
				BA29BE211A44E02A003B55D9 /* ItemController.swift in Sources */,
				BAD9FE331A45170E00515648 /* EntryCell.swift in Sources */,
				BA5D80C81A5AEF2000581E01 /* Post.swift in Sources */,
				BABC2C801A451D8600DE1BE2 /* Config.swift in Sources */,
				BA29BE1F1A44E02A003B55D9 /* AppDelegate.swift in Sources */,
				BA2DB4C01A51D4C30024F40E /* InboxController.swift in Sources */,
				BA5D80CB1A5AF60700581E01 /* FullPostView.swift in Sources */,
				BABC2C7E1A451D7C00DE1BE2 /* Utils.swift in Sources */,
				BA4F504F1A5C2BDB003A34AC /* Comment.swift in Sources */,
				BA71E26F1A544395006AD99A /* PostCell.swift in Sources */,
				BAB60F831A455A8900786F74 /* UIColorExtension.swift in Sources */,
				BA8E25161A5C315D00FBBC40 /* NewComment.swift in Sources */,
				BA405E291A56E31700027F32 /* FeedTextCard.swift in Sources */,
				BA2DB4BD1A51D4B40024F40E /* FeedController.swift in Sources */,
			);
			runOnlyForDeploymentPostprocessing = 0;
		};
		BA29BE2A1A44E02A003B55D9 /* Sources */ = {
			isa = PBXSourcesBuildPhase;
			buildActionMask = 2147483647;
			files = (
				BA29BE351A44E02A003B55D9 /* HaggleTests.swift in Sources */,
			);
			runOnlyForDeploymentPostprocessing = 0;
		};
		BAB60F851A4563D100786F74 /* Sources */ = {
			isa = PBXSourcesBuildPhase;
			buildActionMask = 2147483647;
			files = (
				BA2AE3E21A46995A00E2A05D /* UIColoredButton.swift in Sources */,
				BA405E2A1A56E31700027F32 /* FeedTextCard.swift in Sources */,
				BA2AE3DD1A46739300E2A05D /* Item.swift in Sources */,
				BA5D80C91A5AF1DC00581E01 /* Post.swift in Sources */,
				BAB60F8E1A4563D100786F74 /* ShareViewController.swift in Sources */,
				BA2AE3E01A467CD000E2A05D /* Config.swift in Sources */,
				BA2AE3DE1A467CC400E2A05D /* Utils.swift in Sources */,
				BA8E250F1A5C2C5200FBBC40 /* Comment.swift in Sources */,
				BA2AE3DF1A467CCA00E2A05D /* UIColorExtension.swift in Sources */,
			);
			runOnlyForDeploymentPostprocessing = 0;
		};
/* End PBXSourcesBuildPhase section */

/* Begin PBXTargetDependency section */
		BA2446561A5399F200CFECBC /* PBXTargetDependency */ = {
			isa = PBXTargetDependency;
			name = Snappy;
			targetProxy = BA2446551A5399F200CFECBC /* PBXContainerItemProxy */;
		};
		BA29BE301A44E02A003B55D9 /* PBXTargetDependency */ = {
			isa = PBXTargetDependency;
			target = BA29BE181A44E02A003B55D9 /* Haggle */;
			targetProxy = BA29BE2F1A44E02A003B55D9 /* PBXContainerItemProxy */;
		};
		BAB60F921A4563D100786F74 /* PBXTargetDependency */ = {
			isa = PBXTargetDependency;
			target = BAB60F881A4563D100786F74 /* Haggle Share Sheet */;
			targetProxy = BAB60F911A4563D100786F74 /* PBXContainerItemProxy */;
		};
/* End PBXTargetDependency section */

/* Begin PBXVariantGroup section */
		BA29BE221A44E02A003B55D9 /* Main.storyboard */ = {
			isa = PBXVariantGroup;
			children = (
				BA29BE231A44E02A003B55D9 /* Base */,
			);
			name = Main.storyboard;
			sourceTree = "<group>";
		};
		BA29BE271A44E02A003B55D9 /* LaunchScreen.xib */ = {
			isa = PBXVariantGroup;
			children = (
				BA29BE281A44E02A003B55D9 /* Base */,
			);
			name = LaunchScreen.xib;
			sourceTree = "<group>";
		};
/* End PBXVariantGroup section */

/* Begin XCBuildConfiguration section */
		BA29BE361A44E02A003B55D9 /* Debug */ = {
			isa = XCBuildConfiguration;
			buildSettings = {
				ALWAYS_SEARCH_USER_PATHS = NO;
				CLANG_CXX_LANGUAGE_STANDARD = "gnu++0x";
				CLANG_CXX_LIBRARY = "libc++";
				CLANG_ENABLE_MODULES = YES;
				CLANG_ENABLE_OBJC_ARC = YES;
				CLANG_WARN_BOOL_CONVERSION = YES;
				CLANG_WARN_CONSTANT_CONVERSION = YES;
				CLANG_WARN_DIRECT_OBJC_ISA_USAGE = YES_ERROR;
				CLANG_WARN_EMPTY_BODY = YES;
				CLANG_WARN_ENUM_CONVERSION = YES;
				CLANG_WARN_INT_CONVERSION = YES;
				CLANG_WARN_OBJC_ROOT_CLASS = YES_ERROR;
				CLANG_WARN_UNREACHABLE_CODE = YES;
				CLANG_WARN__DUPLICATE_METHOD_MATCH = YES;
				"CODE_SIGN_IDENTITY[sdk=iphoneos*]" = "iPhone Developer";
				COPY_PHASE_STRIP = NO;
				DEFINES_MODULE = YES;
				ENABLE_STRICT_OBJC_MSGSEND = YES;
				GCC_C_LANGUAGE_STANDARD = gnu99;
				GCC_DYNAMIC_NO_PIC = NO;
				GCC_OPTIMIZATION_LEVEL = 0;
				GCC_PREPROCESSOR_DEFINITIONS = (
					"DEBUG=1",
					"$(inherited)",
				);
				GCC_SYMBOLS_PRIVATE_EXTERN = NO;
				GCC_WARN_64_TO_32_BIT_CONVERSION = YES;
				GCC_WARN_ABOUT_RETURN_TYPE = YES_ERROR;
				GCC_WARN_UNDECLARED_SELECTOR = YES;
				GCC_WARN_UNINITIALIZED_AUTOS = YES_AGGRESSIVE;
				GCC_WARN_UNUSED_FUNCTION = YES;
				GCC_WARN_UNUSED_VARIABLE = YES;
				IPHONEOS_DEPLOYMENT_TARGET = 8.1;
				MTL_ENABLE_DEBUG_INFO = YES;
				ONLY_ACTIVE_ARCH = YES;
				SDKROOT = iphoneos;
				SWIFT_OPTIMIZATION_LEVEL = "-Onone";
			};
			name = Debug;
		};
		BA29BE371A44E02A003B55D9 /* Release */ = {
			isa = XCBuildConfiguration;
			buildSettings = {
				ALWAYS_SEARCH_USER_PATHS = NO;
				CLANG_CXX_LANGUAGE_STANDARD = "gnu++0x";
				CLANG_CXX_LIBRARY = "libc++";
				CLANG_ENABLE_MODULES = YES;
				CLANG_ENABLE_OBJC_ARC = YES;
				CLANG_WARN_BOOL_CONVERSION = YES;
				CLANG_WARN_CONSTANT_CONVERSION = YES;
				CLANG_WARN_DIRECT_OBJC_ISA_USAGE = YES_ERROR;
				CLANG_WARN_EMPTY_BODY = YES;
				CLANG_WARN_ENUM_CONVERSION = YES;
				CLANG_WARN_INT_CONVERSION = YES;
				CLANG_WARN_OBJC_ROOT_CLASS = YES_ERROR;
				CLANG_WARN_UNREACHABLE_CODE = YES;
				CLANG_WARN__DUPLICATE_METHOD_MATCH = YES;
				"CODE_SIGN_IDENTITY[sdk=iphoneos*]" = "iPhone Developer";
				COPY_PHASE_STRIP = YES;
				DEFINES_MODULE = YES;
				ENABLE_NS_ASSERTIONS = NO;
				ENABLE_STRICT_OBJC_MSGSEND = YES;
				GCC_C_LANGUAGE_STANDARD = gnu99;
				GCC_WARN_64_TO_32_BIT_CONVERSION = YES;
				GCC_WARN_ABOUT_RETURN_TYPE = YES_ERROR;
				GCC_WARN_UNDECLARED_SELECTOR = YES;
				GCC_WARN_UNINITIALIZED_AUTOS = YES_AGGRESSIVE;
				GCC_WARN_UNUSED_FUNCTION = YES;
				GCC_WARN_UNUSED_VARIABLE = YES;
				IPHONEOS_DEPLOYMENT_TARGET = 8.1;
				MTL_ENABLE_DEBUG_INFO = NO;
				SDKROOT = iphoneos;
				VALIDATE_PRODUCT = YES;
			};
			name = Release;
		};
		BA29BE391A44E02A003B55D9 /* Debug */ = {
			isa = XCBuildConfiguration;
			buildSettings = {
				ASSETCATALOG_COMPILER_APPICON_NAME = AppIcon;
				CODE_SIGN_ENTITLEMENTS = Haggle/Haggle.entitlements;
				CODE_SIGN_IDENTITY = "iPhone Developer";
				"CODE_SIGN_IDENTITY[sdk=iphoneos*]" = "iPhone Developer";
				EMBEDDED_CONTENT_CONTAINS_SWIFT = YES;
				INFOPLIST_FILE = Haggle/Info.plist;
				IPHONEOS_DEPLOYMENT_TARGET = 7.0;
				LD_RUNPATH_SEARCH_PATHS = "$(inherited) @executable_path/Frameworks";
				PRODUCT_NAME = "$(TARGET_NAME)";
				PROVISIONING_PROFILE = "";
			};
			name = Debug;
		};
		BA29BE3A1A44E02A003B55D9 /* Release */ = {
			isa = XCBuildConfiguration;
			buildSettings = {
				ASSETCATALOG_COMPILER_APPICON_NAME = AppIcon;
				CODE_SIGN_ENTITLEMENTS = Haggle/Haggle.entitlements;
				CODE_SIGN_IDENTITY = "iPhone Developer";
				"CODE_SIGN_IDENTITY[sdk=iphoneos*]" = "iPhone Developer";
				EMBEDDED_CONTENT_CONTAINS_SWIFT = YES;
				INFOPLIST_FILE = Haggle/Info.plist;
				IPHONEOS_DEPLOYMENT_TARGET = 7.0;
				LD_RUNPATH_SEARCH_PATHS = "$(inherited) @executable_path/Frameworks";
				PRODUCT_NAME = "$(TARGET_NAME)";
				PROVISIONING_PROFILE = "";
			};
			name = Release;
		};
		BA29BE3C1A44E02A003B55D9 /* Debug */ = {
			isa = XCBuildConfiguration;
			buildSettings = {
				BUNDLE_LOADER = "$(TEST_HOST)";
				FRAMEWORK_SEARCH_PATHS = (
					"$(SDKROOT)/Developer/Library/Frameworks",
					"$(inherited)",
				);
				GCC_PREPROCESSOR_DEFINITIONS = (
					"DEBUG=1",
					"$(inherited)",
				);
				INFOPLIST_FILE = HaggleTests/Info.plist;
				LD_RUNPATH_SEARCH_PATHS = "$(inherited) @executable_path/Frameworks @loader_path/Frameworks";
				PRODUCT_NAME = "$(TARGET_NAME)";
				TEST_HOST = "$(BUILT_PRODUCTS_DIR)/Haggle.app/Haggle";
			};
			name = Debug;
		};
		BA29BE3D1A44E02A003B55D9 /* Release */ = {
			isa = XCBuildConfiguration;
			buildSettings = {
				BUNDLE_LOADER = "$(TEST_HOST)";
				FRAMEWORK_SEARCH_PATHS = (
					"$(SDKROOT)/Developer/Library/Frameworks",
					"$(inherited)",
				);
				INFOPLIST_FILE = HaggleTests/Info.plist;
				LD_RUNPATH_SEARCH_PATHS = "$(inherited) @executable_path/Frameworks @loader_path/Frameworks";
				PRODUCT_NAME = "$(TARGET_NAME)";
				TEST_HOST = "$(BUILT_PRODUCTS_DIR)/Haggle.app/Haggle";
			};
			name = Release;
		};
		BAB60F961A4563D200786F74 /* Debug */ = {
			isa = XCBuildConfiguration;
			buildSettings = {
				CODE_SIGN_IDENTITY = "iPhone Developer";
				"CODE_SIGN_IDENTITY[sdk=iphoneos*]" = "iPhone Developer";
				DEFINES_MODULE = YES;
				GCC_PREPROCESSOR_DEFINITIONS = (
					"DEBUG=1",
					"$(inherited)",
				);
				INFOPLIST_FILE = "Haggle Share Sheet/Info.plist";
				LD_RUNPATH_SEARCH_PATHS = "$(inherited) @executable_path/Frameworks @executable_path/../../Frameworks";
				PRODUCT_NAME = "$(TARGET_NAME)";
				PROVISIONING_PROFILE = "";
				SKIP_INSTALL = YES;
			};
			name = Debug;
		};
		BAB60F971A4563D200786F74 /* Release */ = {
			isa = XCBuildConfiguration;
			buildSettings = {
				CODE_SIGN_IDENTITY = "iPhone Developer";
				"CODE_SIGN_IDENTITY[sdk=iphoneos*]" = "iPhone Developer";
				DEFINES_MODULE = YES;
				INFOPLIST_FILE = "Haggle Share Sheet/Info.plist";
				LD_RUNPATH_SEARCH_PATHS = "$(inherited) @executable_path/Frameworks @executable_path/../../Frameworks";
				PRODUCT_NAME = "$(TARGET_NAME)";
				PROVISIONING_PROFILE = "";
				SKIP_INSTALL = YES;
			};
			name = Release;
		};
/* End XCBuildConfiguration section */

/* Begin XCConfigurationList section */
		BA29BE141A44E02A003B55D9 /* Build configuration list for PBXProject "Haggle" */ = {
			isa = XCConfigurationList;
			buildConfigurations = (
				BA29BE361A44E02A003B55D9 /* Debug */,
				BA29BE371A44E02A003B55D9 /* Release */,
			);
			defaultConfigurationIsVisible = 0;
			defaultConfigurationName = Release;
		};
		BA29BE381A44E02A003B55D9 /* Build configuration list for PBXNativeTarget "Haggle" */ = {
			isa = XCConfigurationList;
			buildConfigurations = (
				BA29BE391A44E02A003B55D9 /* Debug */,
				BA29BE3A1A44E02A003B55D9 /* Release */,
			);
			defaultConfigurationIsVisible = 0;
			defaultConfigurationName = Release;
		};
		BA29BE3B1A44E02A003B55D9 /* Build configuration list for PBXNativeTarget "HaggleTests" */ = {
			isa = XCConfigurationList;
			buildConfigurations = (
				BA29BE3C1A44E02A003B55D9 /* Debug */,
				BA29BE3D1A44E02A003B55D9 /* Release */,
			);
			defaultConfigurationIsVisible = 0;
			defaultConfigurationName = Release;
		};
		BAB60F951A4563D200786F74 /* Build configuration list for PBXNativeTarget "Haggle Share Sheet" */ = {
			isa = XCConfigurationList;
			buildConfigurations = (
				BAB60F961A4563D200786F74 /* Debug */,
				BAB60F971A4563D200786F74 /* Release */,
			);
			defaultConfigurationIsVisible = 0;
			defaultConfigurationName = Release;
		};
/* End XCConfigurationList section */
	};
	rootObject = BA29BE111A44E02A003B55D9 /* Project object */;
}
